
Microsoft Visual Studio Solution File, Format Version 12.00
# Visual Studio 15
VisualStudioVersion = 15.0.26228.4
MinimumVisualStudioVersion = 10.0.40219.1
Project("{FAE04EC0-301F-11D3-BF4B-00C04F79EFBC}") = "TaskManager.Entity", "TaskManager.Entity\TaskManager.Entity.csproj", "{F732AB56-F732-4F6B-80B5-5F45F6C6CACB}"
EndProject
Project("{FAE04EC0-301F-11D3-BF4B-00C04F79EFBC}") = "TaskManager.Business", "TaskManager.Business\TaskManager.Business.csproj", "{3EEC3814-6C00-4AE6-B5A7-C054991CFEB8}"
EndProject
Global
	GlobalSection(SolutionConfigurationPlatforms) = preSolution
		Debug|Any CPU = Debug|Any CPU
		Release|Any CPU = Release|Any CPU
	EndGlobalSection
	GlobalSection(ProjectConfigurationPlatforms) = postSolution
		{F732AB56-F732-4F6B-80B5-5F45F6C6CACB}.Debug|Any CPU.ActiveCfg = Debug|Any CPU
		{F732AB56-F732-4F6B-80B5-5F45F6C6CACB}.Debug|Any CPU.Build.0 = Debug|Any CPU
		{F732AB56-F732-4F6B-80B5-5F45F6C6CACB}.Release|Any CPU.ActiveCfg = Release|Any CPU
		{F732AB56-F732-4F6B-80B5-5F45F6C6CACB}.Release|Any CPU.Build.0 = Release|Any CPU
		{3EEC3814-6C00-4AE6-B5A7-C054991CFEB8}.Debug|Any CPU.ActiveCfg = Debug|Any CPU
		{3EEC3814-6C00-4AE6-B5A7-C054991CFEB8}.Debug|Any CPU.Build.0 = Debug|Any CPU
		{3EEC3814-6C00-4AE6-B5A7-C054991CFEB8}.Release|Any CPU.ActiveCfg = Release|Any CPU
		{3EEC3814-6C00-4AE6-B5A7-C054991CFEB8}.Release|Any CPU.Build.0 = Release|Any CPU
	EndGlobalSection
	GlobalSection(SolutionProperties) = preSolution
		HideSolutionNode = FALSE
	EndGlobalSection
EndGlobal
